{
  "version": 4,
  "terraform_version": "1.6.3",
  "serial": 243,
  "lineage": "5e25c774-f726-6194-0118-06ccb682670b",
  "outputs": {
    "ansible_inventory": {
      "value": "[masters]\nmaster1 ansible_host=158.160.71.222 ansible_user=ro.khabibullin\n\n[workers]\nworker1 ansible_host=158.160.77.12 ansible_user=ro.khabibullin\nworker2 ansible_host=51.250.32.47 ansible_user=ro.khabibullin\n\n[all:vars]\nansible_python_interpreter=/usr/bin/python3",
      "type": "string"
    }
  },
  "resources": [
    {
      "mode": "managed",
      "type": "yandex_compute_instance_group",
      "name": "master_nodes_group",
      "provider": "provider[\"registry.terraform.io/yandex-cloud/yandex\"]",
      "instances": [
        {
          "schema_version": 0,
          "attributes": {
            "allocation_policy": [
              {
                "instance_tags_pool": [],
                "zones": [
                  "ru-central1-a",
                  "ru-central1-b",
                  "ru-central1-c"
                ]
              }
            ],
            "application_load_balancer": [],
            "created_at": "2023-11-09T05:51:08Z",
            "deletion_protection": false,
            "deploy_policy": [
              {
                "max_creating": 0,
                "max_deleting": 0,
                "max_expansion": 0,
                "max_unavailable": 1,
                "startup_duration": 0,
                "strategy": "proactive"
              }
            ],
            "description": "",
            "folder_id": "b1gjbcdp4ij0bkm2gt1q",
            "health_check": [],
            "id": "cl1tdlesdb8kvj9s59fa",
            "instance_template": [
              {
                "boot_disk": [
                  {
                    "device_name": "",
                    "disk_id": "",
                    "initialize_params": [
                      {
                        "description": "",
                        "image_id": "fd8oshj0osht8svg6rfs",
                        "size": 30,
                        "snapshot_id": "",
                        "type": "network-hdd"
                      }
                    ],
                    "mode": "READ_WRITE"
                  }
                ],
                "description": "",
                "filesystem": [],
                "hostname": "master-{instance.index}",
                "labels": {},
                "metadata": {
                  "user-data": "#cloud-config\nusers:\n  - name: ro.khabibullin\n    groups: sudo\n    shell: /bin/bash\n    sudo: ['ALL=(ALL) NOPASSWD:ALL']\n    ssh_authorized_keys:\n      - ssh-rsa AAAAB3NzaC1yc2EAAAADAQABAAABgQC867cZghizFw+gpNMoOOx6Dm8z4E/P0iRsfKge3yZTn1DINKFr6rV/21Nx3SFs3tIXiHRywnVUiFHFGCLe3WOVqvuYxEswujC84UFsWDH+euvEO7GyrILpf4vwZlz6wdc3vsGQXjyHAFxZZUsDUfyGiG/xwEFsqxLcwvx3YQacbKDftQVS8nc/g4bbhrCcUqcjoj9Abiabj53DM0ig2uJGjsjM4Y2FH4PV0kfiNeEqFKqV6E963BuQiufX4+fEFzSbW+sIu7c9LhiGy4vyl5MjwQlGERgdqxr62+IzMdpptE7D8jBnY/ZyiZrCPi28o7dKCCCSBWtiutdtM/Dn0qGqofp/FlFt4SLxIlF36L4jZyC0ZHJSuEiecTpIGeyrIvr3HtrgdErQQhBE/9/GtWQfsjvcBKyBypxmePGqg+0DNyPF5868zy/O1YOIcgXqDdlELAeA/GRWwx+rheBbR89D3EJ8/dlW5tkjBq0zIw6PZgWyrka+5qVKpJMs6PRhW3s= ro.khabibullin@NB0557.local"
                },
                "name": "master-{instance.index}",
                "network_interface": [
                  {
                    "dns_record": [],
                    "ip_address": "",
                    "ipv4": true,
                    "ipv6": false,
                    "ipv6_address": "",
                    "ipv6_dns_record": [],
                    "nat": true,
                    "nat_dns_record": [],
                    "nat_ip_address": "",
                    "network_id": "enp0k5gbg8cd1n910dmd",
                    "security_group_ids": null,
                    "subnet_ids": [
                      "b0c4mn0ieldm7agqreg2",
                      "e2lqmq3b8utqidvnt496",
                      "e9bbn3di6450gess5chr"
                    ]
                  }
                ],
                "network_settings": [],
                "placement_policy": [],
                "platform_id": "standard-v3",
                "resources": [
                  {
                    "core_fraction": 20,
                    "cores": 2,
                    "gpus": 0,
                    "memory": 4
                  }
                ],
                "scheduling_policy": [
                  {
                    "preemptible": false
                  }
                ],
                "secondary_disk": [],
                "service_account_id": ""
              }
            ],
            "instances": [
              {
                "fqdn": "master-1.ru-central1.internal",
                "instance_id": "epdu807spm2cddqlc4jq",
                "instance_tag": "",
                "name": "master-1",
                "network_interface": [
                  {
                    "index": 0,
                    "ip_address": "10.0.2.19",
                    "ipv4": true,
                    "ipv6": false,
                    "ipv6_address": "",
                    "mac_address": "d0:0d:1e:40:0f:cc",
                    "nat": true,
                    "nat_ip_address": "158.160.71.222",
                    "nat_ip_version": "IPV4",
                    "subnet_id": "e2lqmq3b8utqidvnt496"
                  }
                ],
                "status": "RUNNING_ACTUAL",
                "status_changed_at": "2023-11-09T05:52:12Z",
                "status_message": "",
                "zone_id": "ru-central1-b"
              }
            ],
            "labels": null,
            "load_balancer": [],
            "max_checking_health_duration": null,
            "name": "master-node-group",
            "scale_policy": [
              {
                "auto_scale": [],
                "fixed_scale": [
                  {
                    "size": 1
                  }
                ],
                "test_auto_scale": []
              }
            ],
            "service_account_id": "ajes7237iag9t836la6q",
            "status": "ACTIVE",
            "timeouts": null,
            "variables": null
          },
          "sensitive_attributes": [],
          "private": "eyJlMmJmYjczMC1lY2FhLTExZTYtOGY4OC0zNDM2M2JjN2M0YzAiOnsiY3JlYXRlIjoxODAwMDAwMDAwMDAwLCJkZWxldGUiOjE4MDAwMDAwMDAwMDAsInVwZGF0ZSI6MTgwMDAwMDAwMDAwMH19",
          "dependencies": [
            "yandex_vpc_network.diploma_vpc",
            "yandex_vpc_subnet.diploma_subnet_a",
            "yandex_vpc_subnet.diploma_subnet_b",
            "yandex_vpc_subnet.diploma_subnet_c"
          ]
        }
      ]
    },
    {
      "mode": "managed",
      "type": "yandex_compute_instance_group",
      "name": "worker_nodes_group",
      "provider": "provider[\"registry.terraform.io/yandex-cloud/yandex\"]",
      "instances": [
        {
          "schema_version": 0,
          "attributes": {
            "allocation_policy": [
              {
                "instance_tags_pool": [],
                "zones": [
                  "ru-central1-a",
                  "ru-central1-b",
                  "ru-central1-c"
                ]
              }
            ],
            "application_load_balancer": [],
            "created_at": "2023-11-09T05:51:10Z",
            "deletion_protection": false,
            "deploy_policy": [
              {
                "max_creating": 0,
                "max_deleting": 0,
                "max_expansion": 0,
                "max_unavailable": 1,
                "startup_duration": 0,
                "strategy": "proactive"
              }
            ],
            "description": "",
            "folder_id": "b1gjbcdp4ij0bkm2gt1q",
            "health_check": [],
            "id": "cl1bdiq62nnegbv07ell",
            "instance_template": [
              {
                "boot_disk": [
                  {
                    "device_name": "",
                    "disk_id": "",
                    "initialize_params": [
                      {
                        "description": "",
                        "image_id": "fd8oshj0osht8svg6rfs",
                        "size": 30,
                        "snapshot_id": "",
                        "type": "network-hdd"
                      }
                    ],
                    "mode": "READ_WRITE"
                  }
                ],
                "description": "",
                "filesystem": [],
                "hostname": "worker-{instance.index}",
                "labels": {},
                "metadata": {
                  "user-data": "#cloud-config\nusers:\n  - name: ro.khabibullin\n    groups: sudo\n    shell: /bin/bash\n    sudo: ['ALL=(ALL) NOPASSWD:ALL']\n    ssh_authorized_keys:\n      - ssh-rsa AAAAB3NzaC1yc2EAAAADAQABAAABgQC867cZghizFw+gpNMoOOx6Dm8z4E/P0iRsfKge3yZTn1DINKFr6rV/21Nx3SFs3tIXiHRywnVUiFHFGCLe3WOVqvuYxEswujC84UFsWDH+euvEO7GyrILpf4vwZlz6wdc3vsGQXjyHAFxZZUsDUfyGiG/xwEFsqxLcwvx3YQacbKDftQVS8nc/g4bbhrCcUqcjoj9Abiabj53DM0ig2uJGjsjM4Y2FH4PV0kfiNeEqFKqV6E963BuQiufX4+fEFzSbW+sIu7c9LhiGy4vyl5MjwQlGERgdqxr62+IzMdpptE7D8jBnY/ZyiZrCPi28o7dKCCCSBWtiutdtM/Dn0qGqofp/FlFt4SLxIlF36L4jZyC0ZHJSuEiecTpIGeyrIvr3HtrgdErQQhBE/9/GtWQfsjvcBKyBypxmePGqg+0DNyPF5868zy/O1YOIcgXqDdlELAeA/GRWwx+rheBbR89D3EJ8/dlW5tkjBq0zIw6PZgWyrka+5qVKpJMs6PRhW3s= ro.khabibullin@NB0557.local"
                },
                "name": "worker-{instance.index}",
                "network_interface": [
                  {
                    "dns_record": [],
                    "ip_address": "",
                    "ipv4": true,
                    "ipv6": false,
                    "ipv6_address": "",
                    "ipv6_dns_record": [],
                    "nat": true,
                    "nat_dns_record": [],
                    "nat_ip_address": "",
                    "network_id": "enp0k5gbg8cd1n910dmd",
                    "security_group_ids": null,
                    "subnet_ids": [
                      "b0c4mn0ieldm7agqreg2",
                      "e2lqmq3b8utqidvnt496",
                      "e9bbn3di6450gess5chr"
                    ]
                  }
                ],
                "network_settings": [],
                "placement_policy": [],
                "platform_id": "standard-v3",
                "resources": [
                  {
                    "core_fraction": 20,
                    "cores": 2,
                    "gpus": 0,
                    "memory": 4
                  }
                ],
                "scheduling_policy": [
                  {
                    "preemptible": false
                  }
                ],
                "secondary_disk": [],
                "service_account_id": ""
              }
            ],
            "instances": [
              {
                "fqdn": "worker-1.ru-central1.internal",
                "instance_id": "epdl6q8m4a1r4lp2rqtl",
                "instance_tag": "",
                "name": "worker-1",
                "network_interface": [
                  {
                    "index": 0,
                    "ip_address": "10.0.2.32",
                    "ipv4": true,
                    "ipv6": false,
                    "ipv6_address": "",
                    "mac_address": "d0:0d:15:36:91:62",
                    "nat": true,
                    "nat_ip_address": "158.160.77.12",
                    "nat_ip_version": "IPV4",
                    "subnet_id": "e2lqmq3b8utqidvnt496"
                  }
                ],
                "status": "RUNNING_ACTUAL",
                "status_changed_at": "2023-11-09T05:51:59Z",
                "status_message": "",
                "zone_id": "ru-central1-b"
              },
              {
                "fqdn": "worker-2.ru-central1.internal",
                "instance_id": "ef344u1u8jho7k4odiq2",
                "instance_tag": "",
                "name": "worker-2",
                "network_interface": [
                  {
                    "index": 0,
                    "ip_address": "10.0.3.23",
                    "ipv4": true,
                    "ipv6": false,
                    "ipv6_address": "",
                    "mac_address": "d0:0d:42:78:3e:44",
                    "nat": true,
                    "nat_ip_address": "51.250.32.47",
                    "nat_ip_version": "IPV4",
                    "subnet_id": "b0c4mn0ieldm7agqreg2"
                  }
                ],
                "status": "RUNNING_ACTUAL",
                "status_changed_at": "2023-11-09T05:52:05Z",
                "status_message": "",
                "zone_id": "ru-central1-c"
              }
            ],
            "labels": null,
            "load_balancer": [],
            "max_checking_health_duration": null,
            "name": "worker-node-group",
            "scale_policy": [
              {
                "auto_scale": [],
                "fixed_scale": [
                  {
                    "size": 2
                  }
                ],
                "test_auto_scale": []
              }
            ],
            "service_account_id": "ajes7237iag9t836la6q",
            "status": "ACTIVE",
            "timeouts": null,
            "variables": null
          },
          "sensitive_attributes": [],
          "private": "eyJlMmJmYjczMC1lY2FhLTExZTYtOGY4OC0zNDM2M2JjN2M0YzAiOnsiY3JlYXRlIjoxODAwMDAwMDAwMDAwLCJkZWxldGUiOjE4MDAwMDAwMDAwMDAsInVwZGF0ZSI6MTgwMDAwMDAwMDAwMH19",
          "dependencies": [
            "yandex_vpc_network.diploma_vpc",
            "yandex_vpc_subnet.diploma_subnet_a",
            "yandex_vpc_subnet.diploma_subnet_b",
            "yandex_vpc_subnet.diploma_subnet_c"
          ]
        }
      ]
    },
    {
      "mode": "managed",
      "type": "yandex_vpc_network",
      "name": "diploma_vpc",
      "provider": "provider[\"registry.terraform.io/yandex-cloud/yandex\"]",
      "instances": [
        {
          "schema_version": 0,
          "attributes": {
            "created_at": "2023-11-09T05:51:01Z",
            "default_security_group_id": "enpf4q0j9esq4o55spu0",
            "description": "",
            "folder_id": "b1gjbcdp4ij0bkm2gt1q",
            "id": "enp0k5gbg8cd1n910dmd",
            "labels": {},
            "name": "diploma-vpc",
            "subnet_ids": [],
            "timeouts": null
          },
          "sensitive_attributes": [],
          "private": "eyJlMmJmYjczMC1lY2FhLTExZTYtOGY4OC0zNDM2M2JjN2M0YzAiOnsiY3JlYXRlIjo2MDAwMDAwMDAwMCwiZGVsZXRlIjo2MDAwMDAwMDAwMCwidXBkYXRlIjo2MDAwMDAwMDAwMH19"
        }
      ]
    },
    {
      "mode": "managed",
      "type": "yandex_vpc_subnet",
      "name": "diploma_subnet_a",
      "provider": "provider[\"registry.terraform.io/yandex-cloud/yandex\"]",
      "instances": [
        {
          "schema_version": 0,
          "attributes": {
            "created_at": "2023-11-09T05:51:04Z",
            "description": "",
            "dhcp_options": [],
            "folder_id": "b1gjbcdp4ij0bkm2gt1q",
            "id": "e9bbn3di6450gess5chr",
            "labels": {},
            "name": "diploma_net_a",
            "network_id": "enp0k5gbg8cd1n910dmd",
            "route_table_id": "",
            "timeouts": null,
            "v4_cidr_blocks": [
              "10.0.1.0/24"
            ],
            "v6_cidr_blocks": [],
            "zone": "ru-central1-a"
          },
          "sensitive_attributes": [],
          "private": "eyJlMmJmYjczMC1lY2FhLTExZTYtOGY4OC0zNDM2M2JjN2M0YzAiOnsiY3JlYXRlIjoxODAwMDAwMDAwMDAsImRlbGV0ZSI6MTgwMDAwMDAwMDAwLCJ1cGRhdGUiOjE4MDAwMDAwMDAwMH19",
          "dependencies": [
            "yandex_vpc_network.diploma_vpc"
          ]
        }
      ]
    },
    {
      "mode": "managed",
      "type": "yandex_vpc_subnet",
      "name": "diploma_subnet_b",
      "provider": "provider[\"registry.terraform.io/yandex-cloud/yandex\"]",
      "instances": [
        {
          "schema_version": 0,
          "attributes": {
            "created_at": "2023-11-09T05:51:04Z",
            "description": "",
            "dhcp_options": [],
            "folder_id": "b1gjbcdp4ij0bkm2gt1q",
            "id": "e2lqmq3b8utqidvnt496",
            "labels": {},
            "name": "diploma_net_b",
            "network_id": "enp0k5gbg8cd1n910dmd",
            "route_table_id": "",
            "timeouts": null,
            "v4_cidr_blocks": [
              "10.0.2.0/24"
            ],
            "v6_cidr_blocks": [],
            "zone": "ru-central1-b"
          },
          "sensitive_attributes": [],
          "private": "eyJlMmJmYjczMC1lY2FhLTExZTYtOGY4OC0zNDM2M2JjN2M0YzAiOnsiY3JlYXRlIjoxODAwMDAwMDAwMDAsImRlbGV0ZSI6MTgwMDAwMDAwMDAwLCJ1cGRhdGUiOjE4MDAwMDAwMDAwMH19",
          "dependencies": [
            "yandex_vpc_network.diploma_vpc"
          ]
        }
      ]
    },
    {
      "mode": "managed",
      "type": "yandex_vpc_subnet",
      "name": "diploma_subnet_c",
      "provider": "provider[\"registry.terraform.io/yandex-cloud/yandex\"]",
      "instances": [
        {
          "schema_version": 0,
          "attributes": {
            "created_at": "2023-11-09T05:51:05Z",
            "description": "",
            "dhcp_options": [],
            "folder_id": "b1gjbcdp4ij0bkm2gt1q",
            "id": "b0c4mn0ieldm7agqreg2",
            "labels": {},
            "name": "diploma_net_c",
            "network_id": "enp0k5gbg8cd1n910dmd",
            "route_table_id": "",
            "timeouts": null,
            "v4_cidr_blocks": [
              "10.0.3.0/24"
            ],
            "v6_cidr_blocks": [],
            "zone": "ru-central1-c"
          },
          "sensitive_attributes": [],
          "private": "eyJlMmJmYjczMC1lY2FhLTExZTYtOGY4OC0zNDM2M2JjN2M0YzAiOnsiY3JlYXRlIjoxODAwMDAwMDAwMDAsImRlbGV0ZSI6MTgwMDAwMDAwMDAwLCJ1cGRhdGUiOjE4MDAwMDAwMDAwMH19",
          "dependencies": [
            "yandex_vpc_network.diploma_vpc"
          ]
        }
      ]
    }
  ],
  "check_results": null
}
